// !$*UTF8*$!
{
	archiveVersion = 1;
	classes = {
	};
	objectVersion = 48;
	objects = {

/* Begin PBXBuildFile section */
		B2DCD2D2205768A000CF2FAF /* AppDelegate.m in Sources */ = {isa = PBXBuildFile; fileRef = B2DCD2D1205768A000CF2FAF /* AppDelegate.m */; };
		B2DCD2D5205768A100CF2FAF /* ViewController.m in Sources */ = {isa = PBXBuildFile; fileRef = B2DCD2D4205768A100CF2FAF /* ViewController.m */; };
		B2DCD2D8205768A100CF2FAF /* Main.storyboard in Resources */ = {isa = PBXBuildFile; fileRef = B2DCD2D6205768A100CF2FAF /* Main.storyboard */; };
		B2DCD2DA205768A100CF2FAF /* Assets.xcassets in Resources */ = {isa = PBXBuildFile; fileRef = B2DCD2D9205768A100CF2FAF /* Assets.xcassets */; };
		B2DCD2DD205768A100CF2FAF /* LaunchScreen.storyboard in Resources */ = {isa = PBXBuildFile; fileRef = B2DCD2DB205768A100CF2FAF /* LaunchScreen.storyboard */; };
		B2DCD2E0205768A100CF2FAF /* main.m in Sources */ = {isa = PBXBuildFile; fileRef = B2DCD2DF205768A100CF2FAF /* main.m */; };
		B2DCD2EA20576A9100CF2FAF /* AOEChatConfig.m in Sources */ = {isa = PBXBuildFile; fileRef = B2DCD2E920576A9100CF2FAF /* AOEChatConfig.m */; };
		B2DCD2F02057725200CF2FAF /* AOEChatViewController.m in Sources */ = {isa = PBXBuildFile; fileRef = B2DCD2EF2057725200CF2FAF /* AOEChatViewController.m */; };
		B2DCD2F420578DA300CF2FAF /* 001.jpg in Resources */ = {isa = PBXBuildFile; fileRef = B2DCD2F320578DA300CF2FAF /* 001.jpg */; };
		B2DCD2F82057A55E00CF2FAF /* AOEChatKeyboard.m in Sources */ = {isa = PBXBuildFile; fileRef = B2DCD2F72057A55D00CF2FAF /* AOEChatKeyboard.m */; };
		B2DCD3002057AE5400CF2FAF /* AOEChatToolBar.m in Sources */ = {isa = PBXBuildFile; fileRef = B2DCD2FF2057AE5400CF2FAF /* AOEChatToolBar.m */; };
		B2DCD3022057B0F300CF2FAF /* AOEChatKeyboard.xcassets in Resources */ = {isa = PBXBuildFile; fileRef = B2DCD3012057B0F300CF2FAF /* AOEChatKeyboard.xcassets */; };
		B2DCD3052057B71A00CF2FAF /* RFTextView.m in Sources */ = {isa = PBXBuildFile; fileRef = B2DCD3032057B71900CF2FAF /* RFTextView.m */; };
		FE7BE90CFD5A1FEE87DD0886 /* libPods-AOEChatModuleSimple.a in Frameworks */ = {isa = PBXBuildFile; fileRef = 6362407B277285146AF1CF74 /* libPods-AOEChatModuleSimple.a */; };
/* End PBXBuildFile section */

/* Begin PBXFileReference section */
		2D4D78A2310A73B0003FA73F /* Pods-AOEChatModuleSimple.release.xcconfig */ = {isa = PBXFileReference; includeInIndex = 1; lastKnownFileType = text.xcconfig; name = "Pods-AOEChatModuleSimple.release.xcconfig"; path = "Pods/Target Support Files/Pods-AOEChatModuleSimple/Pods-AOEChatModuleSimple.release.xcconfig"; sourceTree = "<group>"; };
		6362407B277285146AF1CF74 /* libPods-AOEChatModuleSimple.a */ = {isa = PBXFileReference; explicitFileType = archive.ar; includeInIndex = 0; path = "libPods-AOEChatModuleSimple.a"; sourceTree = BUILT_PRODUCTS_DIR; };
		B2DCD2CD205768A000CF2FAF /* AOEChatModuleSimple.app */ = {isa = PBXFileReference; explicitFileType = wrapper.application; includeInIndex = 0; path = AOEChatModuleSimple.app; sourceTree = BUILT_PRODUCTS_DIR; };
		B2DCD2D0205768A000CF2FAF /* AppDelegate.h */ = {isa = PBXFileReference; lastKnownFileType = sourcecode.c.h; path = AppDelegate.h; sourceTree = "<group>"; };
		B2DCD2D1205768A000CF2FAF /* AppDelegate.m */ = {isa = PBXFileReference; lastKnownFileType = sourcecode.c.objc; path = AppDelegate.m; sourceTree = "<group>"; };
		B2DCD2D3205768A100CF2FAF /* ViewController.h */ = {isa = PBXFileReference; lastKnownFileType = sourcecode.c.h; path = ViewController.h; sourceTree = "<group>"; };
		B2DCD2D4205768A100CF2FAF /* ViewController.m */ = {isa = PBXFileReference; lastKnownFileType = sourcecode.c.objc; path = ViewController.m; sourceTree = "<group>"; };
		B2DCD2D7205768A100CF2FAF /* Base */ = {isa = PBXFileReference; lastKnownFileType = file.storyboard; name = Base; path = Base.lproj/Main.storyboard; sourceTree = "<group>"; };
		B2DCD2D9205768A100CF2FAF /* Assets.xcassets */ = {isa = PBXFileReference; lastKnownFileType = folder.assetcatalog; path = Assets.xcassets; sourceTree = "<group>"; };
		B2DCD2DC205768A100CF2FAF /* Base */ = {isa = PBXFileReference; lastKnownFileType = file.storyboard; name = Base; path = Base.lproj/LaunchScreen.storyboard; sourceTree = "<group>"; };
		B2DCD2DE205768A100CF2FAF /* Info.plist */ = {isa = PBXFileReference; lastKnownFileType = text.plist.xml; path = Info.plist; sourceTree = "<group>"; };
		B2DCD2DF205768A100CF2FAF /* main.m */ = {isa = PBXFileReference; lastKnownFileType = sourcecode.c.objc; path = main.m; sourceTree = "<group>"; };
		B2DCD2E820576A9100CF2FAF /* AOEChatConfig.h */ = {isa = PBXFileReference; lastKnownFileType = sourcecode.c.h; path = AOEChatConfig.h; sourceTree = "<group>"; };
		B2DCD2E920576A9100CF2FAF /* AOEChatConfig.m */ = {isa = PBXFileReference; lastKnownFileType = sourcecode.c.objc; path = AOEChatConfig.m; sourceTree = "<group>"; };
		B2DCD2EE2057725200CF2FAF /* AOEChatViewController.h */ = {isa = PBXFileReference; lastKnownFileType = sourcecode.c.h; path = AOEChatViewController.h; sourceTree = "<group>"; };
		B2DCD2EF2057725200CF2FAF /* AOEChatViewController.m */ = {isa = PBXFileReference; lastKnownFileType = sourcecode.c.objc; path = AOEChatViewController.m; sourceTree = "<group>"; };
		B2DCD2F12057763200CF2FAF /* AOEChatKit.h */ = {isa = PBXFileReference; lastKnownFileType = sourcecode.c.h; path = AOEChatKit.h; sourceTree = "<group>"; };
		B2DCD2F2205776A900CF2FAF /* AOEChatProtocols.h */ = {isa = PBXFileReference; lastKnownFileType = sourcecode.c.h; path = AOEChatProtocols.h; sourceTree = "<group>"; };
		B2DCD2F320578DA300CF2FAF /* 001.jpg */ = {isa = PBXFileReference; lastKnownFileType = image.jpeg; path = 001.jpg; sourceTree = "<group>"; };
		B2DCD2F62057A55D00CF2FAF /* AOEChatKeyboard.h */ = {isa = PBXFileReference; lastKnownFileType = sourcecode.c.h; path = AOEChatKeyboard.h; sourceTree = "<group>"; };
		B2DCD2F72057A55D00CF2FAF /* AOEChatKeyboard.m */ = {isa = PBXFileReference; lastKnownFileType = sourcecode.c.objc; path = AOEChatKeyboard.m; sourceTree = "<group>"; };
		B2DCD2F92057ABCE00CF2FAF /* AOEChatKeyboardMacro.h */ = {isa = PBXFileReference; lastKnownFileType = sourcecode.c.h; path = AOEChatKeyboardMacro.h; sourceTree = "<group>"; };
		B2DCD2FE2057AE5400CF2FAF /* AOEChatToolBar.h */ = {isa = PBXFileReference; lastKnownFileType = sourcecode.c.h; path = AOEChatToolBar.h; sourceTree = "<group>"; };
		B2DCD2FF2057AE5400CF2FAF /* AOEChatToolBar.m */ = {isa = PBXFileReference; lastKnownFileType = sourcecode.c.objc; path = AOEChatToolBar.m; sourceTree = "<group>"; };
		B2DCD3012057B0F300CF2FAF /* AOEChatKeyboard.xcassets */ = {isa = PBXFileReference; lastKnownFileType = folder.assetcatalog; path = AOEChatKeyboard.xcassets; sourceTree = "<group>"; };
		B2DCD3032057B71900CF2FAF /* RFTextView.m */ = {isa = PBXFileReference; fileEncoding = 4; lastKnownFileType = sourcecode.c.objc; path = RFTextView.m; sourceTree = "<group>"; };
		B2DCD3042057B71A00CF2FAF /* RFTextView.h */ = {isa = PBXFileReference; fileEncoding = 4; lastKnownFileType = sourcecode.c.h; path = RFTextView.h; sourceTree = "<group>"; };
		DDC17CCA9D557D384D7493FF /* Pods-AOEChatModuleSimple.debug.xcconfig */ = {isa = PBXFileReference; includeInIndex = 1; lastKnownFileType = text.xcconfig; name = "Pods-AOEChatModuleSimple.debug.xcconfig"; path = "Pods/Target Support Files/Pods-AOEChatModuleSimple/Pods-AOEChatModuleSimple.debug.xcconfig"; sourceTree = "<group>"; };
/* End PBXFileReference section */

/* Begin PBXFrameworksBuildPhase section */
		B2DCD2CA205768A000CF2FAF /* Frameworks */ = {
			isa = PBXFrameworksBuildPhase;
			buildActionMask = 2147483647;
			files = (
				FE7BE90CFD5A1FEE87DD0886 /* libPods-AOEChatModuleSimple.a in Frameworks */,
			);
			runOnlyForDeploymentPostprocessing = 0;
		};
/* End PBXFrameworksBuildPhase section */

/* Begin PBXGroup section */
		223FF3F4007B58F9DA53ACAD /* Frameworks */ = {
			isa = PBXGroup;
			children = (
				6362407B277285146AF1CF74 /* libPods-AOEChatModuleSimple.a */,
			);
			name = Frameworks;
			sourceTree = "<group>";
		};
		911D7C4971B6B027B42C6A83 /* Pods */ = {
			isa = PBXGroup;
			children = (
				DDC17CCA9D557D384D7493FF /* Pods-AOEChatModuleSimple.debug.xcconfig */,
				2D4D78A2310A73B0003FA73F /* Pods-AOEChatModuleSimple.release.xcconfig */,
			);
			name = Pods;
			sourceTree = "<group>";
		};
		B2DCD2C4205768A000CF2FAF = {
			isa = PBXGroup;
			children = (
				B2DCD2CF205768A000CF2FAF /* AOEChatModuleSimple */,
				B2DCD2CE205768A000CF2FAF /* Products */,
				911D7C4971B6B027B42C6A83 /* Pods */,
				223FF3F4007B58F9DA53ACAD /* Frameworks */,
			);
			sourceTree = "<group>";
		};
		B2DCD2CE205768A000CF2FAF /* Products */ = {
			isa = PBXGroup;
			children = (
				B2DCD2CD205768A000CF2FAF /* AOEChatModuleSimple.app */,
			);
			name = Products;
			sourceTree = "<group>";
		};
		B2DCD2CF205768A000CF2FAF /* AOEChatModuleSimple */ = {
			isa = PBXGroup;
			children = (
				B2DCD2F320578DA300CF2FAF /* 001.jpg */,
				B2DCD2E7205769F200CF2FAF /* AOEChatKit */,
				B2DCD2D0205768A000CF2FAF /* AppDelegate.h */,
				B2DCD2D1205768A000CF2FAF /* AppDelegate.m */,
				B2DCD2D3205768A100CF2FAF /* ViewController.h */,
				B2DCD2D4205768A100CF2FAF /* ViewController.m */,
				B2DCD2D6205768A100CF2FAF /* Main.storyboard */,
				B2DCD2D9205768A100CF2FAF /* Assets.xcassets */,
				B2DCD2DB205768A100CF2FAF /* LaunchScreen.storyboard */,
				B2DCD2DE205768A100CF2FAF /* Info.plist */,
				B2DCD2DF205768A100CF2FAF /* main.m */,
			);
			path = AOEChatModuleSimple;
			sourceTree = "<group>";
		};
		B2DCD2E7205769F200CF2FAF /* AOEChatKit */ = {
			isa = PBXGroup;
			children = (
				B2DCD2F12057763200CF2FAF /* AOEChatKit.h */,
				B2DCD2E820576A9100CF2FAF /* AOEChatConfig.h */,
				B2DCD2E920576A9100CF2FAF /* AOEChatConfig.m */,
				B2DCD2EE2057725200CF2FAF /* AOEChatViewController.h */,
				B2DCD2EF2057725200CF2FAF /* AOEChatViewController.m */,
				B2DCD2F2205776A900CF2FAF /* AOEChatProtocols.h */,
				B2DCD2F52057A54000CF2FAF /* AOEChatKeyboard */,
			);
			path = AOEChatKit;
			sourceTree = "<group>";
		};
		B2DCD2F52057A54000CF2FAF /* AOEChatKeyboard */ = {
			isa = PBXGroup;
			children = (
				B2DCD2FD2057AE3F00CF2FAF /* ToolBar */,
				B2DCD2F92057ABCE00CF2FAF /* AOEChatKeyboardMacro.h */,
				B2DCD2F62057A55D00CF2FAF /* AOEChatKeyboard.h */,
				B2DCD2F72057A55D00CF2FAF /* AOEChatKeyboard.m */,
				B2DCD3012057B0F300CF2FAF /* AOEChatKeyboard.xcassets */,
			);
			path = AOEChatKeyboard;
			sourceTree = "<group>";
		};
		B2DCD2FD2057AE3F00CF2FAF /* ToolBar */ = {
			isa = PBXGroup;
			children = (
				B2DCD2FE2057AE5400CF2FAF /* AOEChatToolBar.h */,
				B2DCD2FF2057AE5400CF2FAF /* AOEChatToolBar.m */,
				B2DCD3042057B71A00CF2FAF /* RFTextView.h */,
				B2DCD3032057B71900CF2FAF /* RFTextView.m */,
			);
			path = ToolBar;
			sourceTree = "<group>";
		};
/* End PBXGroup section */

/* Begin PBXNativeTarget section */
		B2DCD2CC205768A000CF2FAF /* AOEChatModuleSimple */ = {
			isa = PBXNativeTarget;
			buildConfigurationList = B2DCD2E3205768A100CF2FAF /* Build configuration list for PBXNativeTarget "AOEChatModuleSimple" */;
			buildPhases = (
				AC038D8C43FA053832EB443D /* [CP] Check Pods Manifest.lock */,
				B2DCD2C9205768A000CF2FAF /* Sources */,
				B2DCD2CA205768A000CF2FAF /* Frameworks */,
				B2DCD2CB205768A000CF2FAF /* Resources */,
				CAFD9C45623BDA6C38C611ED /* [CP] Embed Pods Frameworks */,
				A417C5937468902794A54E50 /* [CP] Copy Pods Resources */,
			);
			buildRules = (
			);
			dependencies = (
			);
			name = AOEChatModuleSimple;
			productName = AOEChatModuleSimple;
			productReference = B2DCD2CD205768A000CF2FAF /* AOEChatModuleSimple.app */;
			productType = "com.apple.product-type.application";
		};
/* End PBXNativeTarget section */

/* Begin PBXProject section */
		B2DCD2C5205768A000CF2FAF /* Project object */ = {
			isa = PBXProject;
			attributes = {
				LastUpgradeCheck = 0920;
				ORGANIZATIONNAME = "夏宁忠";
				TargetAttributes = {
					B2DCD2CC205768A000CF2FAF = {
						CreatedOnToolsVersion = 9.2;
						ProvisioningStyle = Automatic;
					};
				};
			};
			buildConfigurationList = B2DCD2C8205768A000CF2FAF /* Build configuration list for PBXProject "AOEChatModuleSimple" */;
			compatibilityVersion = "Xcode 8.0";
			developmentRegion = en;
			hasScannedForEncodings = 0;
			knownRegions = (
				en,
				Base,
			);
			mainGroup = B2DCD2C4205768A000CF2FAF;
			productRefGroup = B2DCD2CE205768A000CF2FAF /* Products */;
			projectDirPath = "";
			projectRoot = "";
			targets = (
				B2DCD2CC205768A000CF2FAF /* AOEChatModuleSimple */,
			);
		};
/* End PBXProject section */

/* Begin PBXResourcesBuildPhase section */
		B2DCD2CB205768A000CF2FAF /* Resources */ = {
			isa = PBXResourcesBuildPhase;
			buildActionMask = 2147483647;
			files = (
				B2DCD2DD205768A100CF2FAF /* LaunchScreen.storyboard in Resources */,
				B2DCD2DA205768A100CF2FAF /* Assets.xcassets in Resources */,
				B2DCD2D8205768A100CF2FAF /* Main.storyboard in Resources */,
				B2DCD3022057B0F300CF2FAF /* AOEChatKeyboard.xcassets in Resources */,
				B2DCD2F420578DA300CF2FAF /* 001.jpg in Resources */,
			);
			runOnlyForDeploymentPostprocessing = 0;
		};
/* End PBXResourcesBuildPhase section */

/* Begin PBXShellScriptBuildPhase section */
		A417C5937468902794A54E50 /* [CP] Copy Pods Resources */ = {
			isa = PBXShellScriptBuildPhase;
			buildActionMask = 2147483647;
			files = (
			);
			inputPaths = (
			);
			name = "[CP] Copy Pods Resources";
			outputPaths = (
			);
			runOnlyForDeploymentPostprocessing = 0;
			shellPath = /bin/sh;
			shellScript = "\"${SRCROOT}/Pods/Target Support Files/Pods-AOEChatModuleSimple/Pods-AOEChatModuleSimple-resources.sh\"\n";
			showEnvVarsInLog = 0;
		};
		AC038D8C43FA053832EB443D /* [CP] Check Pods Manifest.lock */ = {
			isa = PBXShellScriptBuildPhase;
			buildActionMask = 2147483647;
			files = (
			);
			inputPaths = (
				"${PODS_PODFILE_DIR_PATH}/Podfile.lock",
				"${PODS_ROOT}/Manifest.lock",
			);
			name = "[CP] Check Pods Manifest.lock";
			outputPaths = (
				"$(DERIVED_FILE_DIR)/Pods-AOEChatModuleSimple-checkManifestLockResult.txt",
			);
			runOnlyForDeploymentPostprocessing = 0;
			shellPath = /bin/sh;
			shellScript = "diff \"${PODS_PODFILE_DIR_PATH}/Podfile.lock\" \"${PODS_ROOT}/Manifest.lock\" > /dev/null\nif [ $? != 0 ] ; then\n    # print error to STDERR\n    echo \"error: The sandbox is not in sync with the Podfile.lock. Run 'pod install' or update your CocoaPods installation.\" >&2\n    exit 1\nfi\n# This output is used by Xcode 'outputs' to avoid re-running this script phase.\necho \"SUCCESS\" > \"${SCRIPT_OUTPUT_FILE_0}\"\n";
			showEnvVarsInLog = 0;
		};
		CAFD9C45623BDA6C38C611ED /* [CP] Embed Pods Frameworks */ = {
			isa = PBXShellScriptBuildPhase;
			buildActionMask = 2147483647;
			files = (
			);
			inputPaths = (
			);
			name = "[CP] Embed Pods Frameworks";
			outputPaths = (
			);
			runOnlyForDeploymentPostprocessing = 0;
			shellPath = /bin/sh;
			shellScript = "\"${SRCROOT}/Pods/Target Support Files/Pods-AOEChatModuleSimple/Pods-AOEChatModuleSimple-frameworks.sh\"\n";
			showEnvVarsInLog = 0;
		};
/* End PBXShellScriptBuildPhase section */

/* Begin PBXSourcesBuildPhase section */
		B2DCD2C9205768A000CF2FAF /* Sources */ = {
			isa = PBXSourcesBuildPhase;
			buildActionMask = 2147483647;
			files = (
				B2DCD2D5205768A100CF2FAF /* ViewController.m in Sources */,
				B2DCD2EA20576A9100CF2FAF /* AOEChatConfig.m in Sources */,
				B2DCD2E0205768A100CF2FAF /* main.m in Sources */,
				B2DCD3002057AE5400CF2FAF /* AOEChatToolBar.m in Sources */,
				B2DCD2D2205768A000CF2FAF /* AppDelegate.m in Sources */,
				B2DCD2F82057A55E00CF2FAF /* AOEChatKeyboard.m in Sources */,
				B2DCD2F02057725200CF2FAF /* AOEChatViewController.m in Sources */,
				B2DCD3052057B71A00CF2FAF /* RFTextView.m in Sources */,
			);
			runOnlyForDeploymentPostprocessing = 0;
		};
/* End PBXSourcesBuildPhase section */

/* Begin PBXVariantGroup section */
		B2DCD2D6205768A100CF2FAF /* Main.storyboard */ = {
			isa = PBXVariantGroup;
			children = (
				B2DCD2D7205768A100CF2FAF /* Base */,
			);
			name = Main.storyboard;
			sourceTree = "<group>";
		};
		B2DCD2DB205768A100CF2FAF /* LaunchScreen.storyboard */ = {
			isa = PBXVariantGroup;
			children = (
				B2DCD2DC205768A100CF2FAF /* Base */,
			);
			name = LaunchScreen.storyboard;
			sourceTree = "<group>";
		};
/* End PBXVariantGroup section */

/* Begin XCBuildConfiguration section */
		B2DCD2E1205768A100CF2FAF /* Debug */ = {
			isa = XCBuildConfiguration;
			buildSettings = {
				ALWAYS_SEARCH_USER_PATHS = NO;
				CLANG_ANALYZER_NONNULL = YES;
				CLANG_ANALYZER_NUMBER_OBJECT_CONVERSION = YES_AGGRESSIVE;
				CLANG_CXX_LANGUAGE_STANDARD = "gnu++14";
				CLANG_CXX_LIBRARY = "libc++";
				CLANG_ENABLE_MODULES = YES;
				CLANG_ENABLE_OBJC_ARC = YES;
				CLANG_WARN_BLOCK_CAPTURE_AUTORELEASING = YES;
				CLANG_WARN_BOOL_CONVERSION = YES;
				CLANG_WARN_COMMA = YES;
				CLANG_WARN_CONSTANT_CONVERSION = YES;
				CLANG_WARN_DIRECT_OBJC_ISA_USAGE = YES_ERROR;
				CLANG_WARN_DOCUMENTATION_COMMENTS = YES;
				CLANG_WARN_EMPTY_BODY = YES;
				CLANG_WARN_ENUM_CONVERSION = YES;
				CLANG_WARN_INFINITE_RECURSION = YES;
				CLANG_WARN_INT_CONVERSION = YES;
				CLANG_WARN_NON_LITERAL_NULL_CONVERSION = YES;
				CLANG_WARN_OBJC_LITERAL_CONVERSION = YES;
				CLANG_WARN_OBJC_ROOT_CLASS = YES_ERROR;
				CLANG_WARN_RANGE_LOOP_ANALYSIS = YES;
				CLANG_WARN_STRICT_PROTOTYPES = YES;
				CLANG_WARN_SUSPICIOUS_MOVE = YES;
				CLANG_WARN_UNGUARDED_AVAILABILITY = YES_AGGRESSIVE;
				CLANG_WARN_UNREACHABLE_CODE = YES;
				CLANG_WARN__DUPLICATE_METHOD_MATCH = YES;
				CODE_SIGN_IDENTITY = "iPhone Developer";
				COPY_PHASE_STRIP = NO;
				DEBUG_INFORMATION_FORMAT = dwarf;
				ENABLE_STRICT_OBJC_MSGSEND = YES;
				ENABLE_TESTABILITY = YES;
				GCC_C_LANGUAGE_STANDARD = gnu11;
				GCC_DYNAMIC_NO_PIC = NO;
				GCC_NO_COMMON_BLOCKS = YES;
				GCC_OPTIMIZATION_LEVEL = 0;
				GCC_PREPROCESSOR_DEFINITIONS = (
					"DEBUG=1",
					"$(inherited)",
				);
				GCC_WARN_64_TO_32_BIT_CONVERSION = YES;
				GCC_WARN_ABOUT_RETURN_TYPE = YES_ERROR;
				GCC_WARN_UNDECLARED_SELECTOR = YES;
				GCC_WARN_UNINITIALIZED_AUTOS = YES_AGGRESSIVE;
				GCC_WARN_UNUSED_FUNCTION = YES;
				GCC_WARN_UNUSED_VARIABLE = YES;
				IPHONEOS_DEPLOYMENT_TARGET = 11.2;
				MTL_ENABLE_DEBUG_INFO = YES;
				ONLY_ACTIVE_ARCH = YES;
				SDKROOT = iphoneos;
			};
			name = Debug;
		};
		B2DCD2E2205768A100CF2FAF /* Release */ = {
			isa = XCBuildConfiguration;
			buildSettings = {
				ALWAYS_SEARCH_USER_PATHS = NO;
				CLANG_ANALYZER_NONNULL = YES;
				CLANG_ANALYZER_NUMBER_OBJECT_CONVERSION = YES_AGGRESSIVE;
				CLANG_CXX_LANGUAGE_STANDARD = "gnu++14";
				CLANG_CXX_LIBRARY = "libc++";
				CLANG_ENABLE_MODULES = YES;
				CLANG_ENABLE_OBJC_ARC = YES;
				CLANG_WARN_BLOCK_CAPTURE_AUTORELEASING = YES;
				CLANG_WARN_BOOL_CONVERSION = YES;
				CLANG_WARN_COMMA = YES;
				CLANG_WARN_CONSTANT_CONVERSION = YES;
				CLANG_WARN_DIRECT_OBJC_ISA_USAGE = YES_ERROR;
				CLANG_WARN_DOCUMENTATION_COMMENTS = YES;
				CLANG_WARN_EMPTY_BODY = YES;
				CLANG_WARN_ENUM_CONVERSION = YES;
				CLANG_WARN_INFINITE_RECURSION = YES;
				CLANG_WARN_INT_CONVERSION = YES;
				CLANG_WARN_NON_LITERAL_NULL_CONVERSION = YES;
				CLANG_WARN_OBJC_LITERAL_CONVERSION = YES;
				CLANG_WARN_OBJC_ROOT_CLASS = YES_ERROR;
				CLANG_WARN_RANGE_LOOP_ANALYSIS = YES;
				CLANG_WARN_STRICT_PROTOTYPES = YES;
				CLANG_WARN_SUSPICIOUS_MOVE = YES;
				CLANG_WARN_UNGUARDED_AVAILABILITY = YES_AGGRESSIVE;
				CLANG_WARN_UNREACHABLE_CODE = YES;
				CLANG_WARN__DUPLICATE_METHOD_MATCH = YES;
				CODE_SIGN_IDENTITY = "iPhone Developer";
				COPY_PHASE_STRIP = NO;
				DEBUG_INFORMATION_FORMAT = "dwarf-with-dsym";
				ENABLE_NS_ASSERTIONS = NO;
				ENABLE_STRICT_OBJC_MSGSEND = YES;
				GCC_C_LANGUAGE_STANDARD = gnu11;
				GCC_NO_COMMON_BLOCKS = YES;
				GCC_WARN_64_TO_32_BIT_CONVERSION = YES;
				GCC_WARN_ABOUT_RETURN_TYPE = YES_ERROR;
				GCC_WARN_UNDECLARED_SELECTOR = YES;
				GCC_WARN_UNINITIALIZED_AUTOS = YES_AGGRESSIVE;
				GCC_WARN_UNUSED_FUNCTION = YES;
				GCC_WARN_UNUSED_VARIABLE = YES;
				IPHONEOS_DEPLOYMENT_TARGET = 11.2;
				MTL_ENABLE_DEBUG_INFO = NO;
				SDKROOT = iphoneos;
				VALIDATE_PRODUCT = YES;
			};
			name = Release;
		};
		B2DCD2E4205768A100CF2FAF /* Debug */ = {
			isa = XCBuildConfiguration;
			baseConfigurationReference = DDC17CCA9D557D384D7493FF /* Pods-AOEChatModuleSimple.debug.xcconfig */;
			buildSettings = {
				ASSETCATALOG_COMPILER_APPICON_NAME = AppIcon;
				CODE_SIGN_STYLE = Automatic;
				DEVELOPMENT_TEAM = 69NZF2A52C;
				INFOPLIST_FILE = AOEChatModuleSimple/Info.plist;
				IPHONEOS_DEPLOYMENT_TARGET = 8.0;
				LD_RUNPATH_SEARCH_PATHS = "$(inherited) @executable_path/Frameworks";
				PRODUCT_BUNDLE_IDENTIFIER = None.AOEChatModuleSimple;
				PRODUCT_NAME = "$(TARGET_NAME)";
				TARGETED_DEVICE_FAMILY = "1,2";
			};
			name = Debug;
		};
		B2DCD2E5205768A100CF2FAF /* Release */ = {
			isa = XCBuildConfiguration;
			baseConfigurationReference = 2D4D78A2310A73B0003FA73F /* Pods-AOEChatModuleSimple.release.xcconfig */;
			buildSettings = {
				ASSETCATALOG_COMPILER_APPICON_NAME = AppIcon;
				CODE_SIGN_STYLE = Automatic;
				DEVELOPMENT_TEAM = 69NZF2A52C;
				INFOPLIST_FILE = AOEChatModuleSimple/Info.plist;
				IPHONEOS_DEPLOYMENT_TARGET = 8.0;
				LD_RUNPATH_SEARCH_PATHS = "$(inherited) @executable_path/Frameworks";
				PRODUCT_BUNDLE_IDENTIFIER = None.AOEChatModuleSimple;
				PRODUCT_NAME = "$(TARGET_NAME)";
				TARGETED_DEVICE_FAMILY = "1,2";
			};
			name = Release;
		};
/* End XCBuildConfiguration section */

/* Begin XCConfigurationList section */
		B2DCD2C8205768A000CF2FAF /* Build configuration list for PBXProject "AOEChatModuleSimple" */ = {
			isa = XCConfigurationList;
			buildConfigurations = (
				B2DCD2E1205768A100CF2FAF /* Debug */,
				B2DCD2E2205768A100CF2FAF /* Release */,
			);
			defaultConfigurationIsVisible = 0;
			defaultConfigurationName = Release;
		};
		B2DCD2E3205768A100CF2FAF /* Build configuration list for PBXNativeTarget "AOEChatModuleSimple" */ = {
			isa = XCConfigurationList;
			buildConfigurations = (
				B2DCD2E4205768A100CF2FAF /* Debug */,
				B2DCD2E5205768A100CF2FAF /* Release */,
			);
			defaultConfigurationIsVisible = 0;
			defaultConfigurationName = Release;
		};
/* End XCConfigurationList section */
	};
	rootObject = B2DCD2C5205768A000CF2FAF /* Project object */;
}
